
Microsoft Visual Studio Solution File, Format Version 12.00
# Visual Studio Version 16
VisualStudioVersion = 16.0.30717.126
MinimumVisualStudioVersion = 10.0.40219.1
Project("{9A19103F-16F7-4668-BE54-9A1E7A4F7556}") = "U.GGScraping", "U.GGScraping\U.GGScraping.csproj", "{98C82310-6D5D-4DD9-AAEA-7B519F0C5E84}"
EndProject
Project("{9A19103F-16F7-4668-BE54-9A1E7A4F7556}") = "MetaSrcScraping", "MetaSrcScraping\MetaSrcScraping.csproj", "{522DB9A6-2540-4B21-A5BF-A7ADEED857CB}"
EndProject
Project("{FAE04EC0-301F-11D3-BF4B-00C04F79EFBC}") = "Testing", "Testing\Testing.csproj", "{25916C10-FD24-4AA8-97B7-9D30275D1374}"
EndProject
Global
	GlobalSection(SolutionConfigurationPlatforms) = preSolution
		Debug|Any CPU = Debug|Any CPU
		Release|Any CPU = Release|Any CPU
	EndGlobalSection
	GlobalSection(ProjectConfigurationPlatforms) = postSolution
		{98C82310-6D5D-4DD9-AAEA-7B519F0C5E84}.Debug|Any CPU.ActiveCfg = Debug|Any CPU
		{98C82310-6D5D-4DD9-AAEA-7B519F0C5E84}.Debug|Any CPU.Build.0 = Debug|Any CPU
		{98C82310-6D5D-4DD9-AAEA-7B519F0C5E84}.Release|Any CPU.ActiveCfg = Release|Any CPU
		{98C82310-6D5D-4DD9-AAEA-7B519F0C5E84}.Release|Any CPU.Build.0 = Release|Any CPU
		{522DB9A6-2540-4B21-A5BF-A7ADEED857CB}.Debug|Any CPU.ActiveCfg = Debug|Any CPU
		{522DB9A6-2540-4B21-A5BF-A7ADEED857CB}.Debug|Any CPU.Build.0 = Debug|Any CPU
		{522DB9A6-2540-4B21-A5BF-A7ADEED857CB}.Release|Any CPU.ActiveCfg = Release|Any CPU
		{522DB9A6-2540-4B21-A5BF-A7ADEED857CB}.Release|Any CPU.Build.0 = Release|Any CPU
		{25916C10-FD24-4AA8-97B7-9D30275D1374}.Debug|Any CPU.ActiveCfg = Debug|Any CPU
		{25916C10-FD24-4AA8-97B7-9D30275D1374}.Debug|Any CPU.Build.0 = Debug|Any CPU
		{25916C10-FD24-4AA8-97B7-9D30275D1374}.Release|Any CPU.ActiveCfg = Release|Any CPU
		{25916C10-FD24-4AA8-97B7-9D30275D1374}.Release|Any CPU.Build.0 = Release|Any CPU
	EndGlobalSection
	GlobalSection(SolutionProperties) = preSolution
		HideSolutionNode = FALSE
	EndGlobalSection
	GlobalSection(ExtensibilityGlobals) = postSolution
		SolutionGuid = {33267487-6181-41A2-A5D4-8ED22A593364}
	EndGlobalSection
EndGlobal
